
Microsoft Visual Studio Solution File, Format Version 12.00
# Visual Studio 15
VisualStudioVersion = 15.0.28307.329
MinimumVisualStudioVersion = 10.0.40219.1
Project("{8BC9CEB8-8B4A-11D0-8D11-00A0C91BC942}") = "1bs_wavesynth", "wavesynth.vcxproj", "{79A1FC30-BD08-483F-8E95-88D7299A9E9D}"
EndProject
Global
	GlobalSection(SolutionConfigurationPlatforms) = preSolution
		Debug|Win32 = Debug|Win32
		Debug|x64 = Debug|x64
		Release|Win32 = Release|Win32
		Release|x64 = Release|x64
	EndGlobalSection
	GlobalSection(ProjectConfigurationPlatforms) = postSolution
		{79A1FC30-BD08-483F-8E95-88D7299A9E9D}.Debug|Win32.ActiveCfg = Debug|Win32
		{79A1FC30-BD08-483F-8E95-88D7299A9E9D}.Debug|Win32.Build.0 = Debug|Win32
		{79A1FC30-BD08-483F-8E95-88D7299A9E9D}.Debug|x64.ActiveCfg = Debug|x64
		{79A1FC30-BD08-483F-8E95-88D7299A9E9D}.Debug|x64.Build.0 = Debug|x64
		{79A1FC30-BD08-483F-8E95-88D7299A9E9D}.Release|Win32.ActiveCfg = Release|Win32
		{79A1FC30-BD08-483F-8E95-88D7299A9E9D}.Release|Win32.Build.0 = Release|Win32
		{79A1FC30-BD08-483F-8E95-88D7299A9E9D}.Release|x64.ActiveCfg = Release|x64
		{79A1FC30-BD08-483F-8E95-88D7299A9E9D}.Release|x64.Build.0 = Release|x64
	EndGlobalSection
	GlobalSection(SolutionProperties) = preSolution
		HideSolutionNode = FALSE
	EndGlobalSection
	GlobalSection(ExtensibilityGlobals) = postSolution
		SolutionGuid = {DF7C73DD-79BA-4738-A6D4-34F611BEB554}
	EndGlobalSection
EndGlobal
